// !$*UTF8*$!
{
	archiveVersion = 1;
	classes = {
	};
	objectVersion = 46;
	objects = {

/* Begin PBXBuildFile section */
		F80DAA2918E3CD4E0014928D /* MapViewController.m in Sources */ = {isa = PBXBuildFile; fileRef = F80DAA2818E3CD4E0014928D /* MapViewController.m */; };
		F80DAA2D18E3D9E20014928D /* map.geojson in Resources */ = {isa = PBXBuildFile; fileRef = F80DAA2C18E3D9E20014928D /* map.geojson */; };
		F876C32E18EAFDA200D18BE0 /* CoreLocation.framework in Frameworks */ = {isa = PBXBuildFile; fileRef = F876C32D18EAFDA200D18BE0 /* CoreLocation.framework */; };
		F8A08C6118E3377E00258B27 /* Foundation.framework in Frameworks */ = {isa = PBXBuildFile; fileRef = F8A08C6018E3377E00258B27 /* Foundation.framework */; };
		F8A08C6318E3377E00258B27 /* CoreGraphics.framework in Frameworks */ = {isa = PBXBuildFile; fileRef = F8A08C6218E3377E00258B27 /* CoreGraphics.framework */; };
		F8A08C6518E3377E00258B27 /* UIKit.framework in Frameworks */ = {isa = PBXBuildFile; fileRef = F8A08C6418E3377E00258B27 /* UIKit.framework */; };
		F8A08C6B18E3377E00258B27 /* InfoPlist.strings in Resources */ = {isa = PBXBuildFile; fileRef = F8A08C6918E3377E00258B27 /* InfoPlist.strings */; };
		F8A08C6D18E3377E00258B27 /* main.m in Sources */ = {isa = PBXBuildFile; fileRef = F8A08C6C18E3377E00258B27 /* main.m */; };
		F8A08C7118E3377E00258B27 /* AppDelegate.m in Sources */ = {isa = PBXBuildFile; fileRef = F8A08C7018E3377E00258B27 /* AppDelegate.m */; };
		F8A08C7318E3377E00258B27 /* Images.xcassets in Resources */ = {isa = PBXBuildFile; fileRef = F8A08C7218E3377E00258B27 /* Images.xcassets */; };
		F8A08C7A18E3377E00258B27 /* XCTest.framework in Frameworks */ = {isa = PBXBuildFile; fileRef = F8A08C7918E3377E00258B27 /* XCTest.framework */; };
		F8A08C7B18E3377E00258B27 /* Foundation.framework in Frameworks */ = {isa = PBXBuildFile; fileRef = F8A08C6018E3377E00258B27 /* Foundation.framework */; };
		F8A08C7C18E3377E00258B27 /* UIKit.framework in Frameworks */ = {isa = PBXBuildFile; fileRef = F8A08C6418E3377E00258B27 /* UIKit.framework */; };
		F8A08C8418E3377E00258B27 /* InfoPlist.strings in Resources */ = {isa = PBXBuildFile; fileRef = F8A08C8218E3377E00258B27 /* InfoPlist.strings */; };
		F8A08C8618E3377E00258B27 /* iOS_ExampleTests.m in Sources */ = {isa = PBXBuildFile; fileRef = F8A08C8518E3377E00258B27 /* iOS_ExampleTests.m */; };
		F8A08C9318E337E800258B27 /* GeoJSONSerialization.m in Sources */ = {isa = PBXBuildFile; fileRef = F8A08C9218E337E800258B27 /* GeoJSONSerialization.m */; };
		F8A08C9518E337F900258B27 /* MapKit.framework in Frameworks */ = {isa = PBXBuildFile; fileRef = F8A08C9418E337F900258B27 /* MapKit.framework */; };
/* End PBXBuildFile section */

/* Begin PBXContainerItemProxy section */
		F8A08C7D18E3377E00258B27 /* PBXContainerItemProxy */ = {
			isa = PBXContainerItemProxy;
			containerPortal = F8A08C5518E3377E00258B27 /* Project object */;
			proxyType = 1;
			remoteGlobalIDString = F8A08C5C18E3377E00258B27;
			remoteInfo = "iOS Example";
		};
/* End PBXContainerItemProxy section */

/* Begin PBXFileReference section */
		F80DAA2718E3CD4E0014928D /* MapViewController.h */ = {isa = PBXFileReference; fileEncoding = 4; lastKnownFileType = sourcecode.c.h; path = MapViewController.h; sourceTree = "<group>"; };
		F80DAA2818E3CD4E0014928D /* MapViewController.m */ = {isa = PBXFileReference; fileEncoding = 4; lastKnownFileType = sourcecode.c.objc; path = MapViewController.m; sourceTree = "<group>"; };
		F80DAA2C18E3D9E20014928D /* map.geojson */ = {isa = PBXFileReference; fileEncoding = 4; lastKnownFileType = text; path = map.geojson; sourceTree = "<group>"; };
		F876C32D18EAFDA200D18BE0 /* CoreLocation.framework */ = {isa = PBXFileReference; lastKnownFileType = wrapper.framework; name = CoreLocation.framework; path = System/Library/Frameworks/CoreLocation.framework; sourceTree = SDKROOT; };
		F8A08C5D18E3377E00258B27 /* iOS Example.app */ = {isa = PBXFileReference; explicitFileType = wrapper.application; includeInIndex = 0; path = "iOS Example.app"; sourceTree = BUILT_PRODUCTS_DIR; };
		F8A08C6018E3377E00258B27 /* Foundation.framework */ = {isa = PBXFileReference; lastKnownFileType = wrapper.framework; name = Foundation.framework; path = System/Library/Frameworks/Foundation.framework; sourceTree = SDKROOT; };
		F8A08C6218E3377E00258B27 /* CoreGraphics.framework */ = {isa = PBXFileReference; lastKnownFileType = wrapper.framework; name = CoreGraphics.framework; path = System/Library/Frameworks/CoreGraphics.framework; sourceTree = SDKROOT; };
		F8A08C6418E3377E00258B27 /* UIKit.framework */ = {isa = PBXFileReference; lastKnownFileType = wrapper.framework; name = UIKit.framework; path = System/Library/Frameworks/UIKit.framework; sourceTree = SDKROOT; };
		F8A08C6818E3377E00258B27 /* Info.plist */ = {isa = PBXFileReference; lastKnownFileType = text.plist.xml; path = Info.plist; sourceTree = "<group>"; };
		F8A08C6A18E3377E00258B27 /* en */ = {isa = PBXFileReference; lastKnownFileType = text.plist.strings; name = en; path = en.lproj/InfoPlist.strings; sourceTree = "<group>"; };
		F8A08C6C18E3377E00258B27 /* main.m */ = {isa = PBXFileReference; lastKnownFileType = sourcecode.c.objc; path = main.m; sourceTree = "<group>"; };
		F8A08C6E18E3377E00258B27 /* Prefix.pch */ = {isa = PBXFileReference; lastKnownFileType = sourcecode.c.h; path = Prefix.pch; sourceTree = "<group>"; };
		F8A08C6F18E3377E00258B27 /* AppDelegate.h */ = {isa = PBXFileReference; lastKnownFileType = sourcecode.c.h; path = AppDelegate.h; sourceTree = "<group>"; };
		F8A08C7018E3377E00258B27 /* AppDelegate.m */ = {isa = PBXFileReference; lastKnownFileType = sourcecode.c.objc; path = AppDelegate.m; sourceTree = "<group>"; };
		F8A08C7218E3377E00258B27 /* Images.xcassets */ = {isa = PBXFileReference; lastKnownFileType = folder.assetcatalog; path = Images.xcassets; sourceTree = "<group>"; };
		F8A08C7818E3377E00258B27 /* iOS ExampleTests.xctest */ = {isa = PBXFileReference; explicitFileType = wrapper.cfbundle; includeInIndex = 0; path = "iOS ExampleTests.xctest"; sourceTree = BUILT_PRODUCTS_DIR; };
		F8A08C7918E3377E00258B27 /* XCTest.framework */ = {isa = PBXFileReference; lastKnownFileType = wrapper.framework; name = XCTest.framework; path = Library/Frameworks/XCTest.framework; sourceTree = DEVELOPER_DIR; };
		F8A08C8118E3377E00258B27 /* iOS ExampleTests-Info.plist */ = {isa = PBXFileReference; lastKnownFileType = text.plist.xml; path = "iOS ExampleTests-Info.plist"; sourceTree = "<group>"; };
		F8A08C8318E3377E00258B27 /* en */ = {isa = PBXFileReference; lastKnownFileType = text.plist.strings; name = en; path = en.lproj/InfoPlist.strings; sourceTree = "<group>"; };
		F8A08C8518E3377E00258B27 /* iOS_ExampleTests.m */ = {isa = PBXFileReference; lastKnownFileType = sourcecode.c.objc; path = iOS_ExampleTests.m; sourceTree = "<group>"; };
		F8A08C9118E337E800258B27 /* GeoJSONSerialization.h */ = {isa = PBXFileReference; fileEncoding = 4; lastKnownFileType = sourcecode.c.h; name = GeoJSONSerialization.h; path = ../GeoJSONSerialization/GeoJSONSerialization.h; sourceTree = "<group>"; };
		F8A08C9218E337E800258B27 /* GeoJSONSerialization.m */ = {isa = PBXFileReference; fileEncoding = 4; lastKnownFileType = sourcecode.c.objc; name = GeoJSONSerialization.m; path = ../GeoJSONSerialization/GeoJSONSerialization.m; sourceTree = "<group>"; };
		F8A08C9418E337F900258B27 /* MapKit.framework */ = {isa = PBXFileReference; lastKnownFileType = wrapper.framework; name = MapKit.framework; path = System/Library/Frameworks/MapKit.framework; sourceTree = SDKROOT; };
/* End PBXFileReference section */

/* Begin PBXFrameworksBuildPhase section */
		F8A08C5A18E3377E00258B27 /* Frameworks */ = {
			isa = PBXFrameworksBuildPhase;
			buildActionMask = 2147483647;
			files = (
				F876C32E18EAFDA200D18BE0 /* CoreLocation.framework in Frameworks */,
				F8A08C9518E337F900258B27 /* MapKit.framework in Frameworks */,
				F8A08C6318E3377E00258B27 /* CoreGraphics.framework in Frameworks */,
				F8A08C6518E3377E00258B27 /* UIKit.framework in Frameworks */,
				F8A08C6118E3377E00258B27 /* Foundation.framework in Frameworks */,
			);
			runOnlyForDeploymentPostprocessing = 0;
		};
		F8A08C7518E3377E00258B27 /* Frameworks */ = {
			isa = PBXFrameworksBuildPhase;
			buildActionMask = 2147483647;
			files = (
				F8A08C7A18E3377E00258B27 /* XCTest.framework in Frameworks */,
				F8A08C7C18E3377E00258B27 /* UIKit.framework in Frameworks */,
				F8A08C7B18E3377E00258B27 /* Foundation.framework in Frameworks */,
			);
			runOnlyForDeploymentPostprocessing = 0;
		};
/* End PBXFrameworksBuildPhase section */

/* Begin PBXGroup section */
		F8A08C5418E3377E00258B27 = {
			isa = PBXGroup;
			children = (
				F8A08C6618E3377E00258B27 /* iOS Example */,
				F8A08C7F18E3377E00258B27 /* iOS ExampleTests */,
				F8A08C5F18E3377E00258B27 /* Frameworks */,
				F8A08C5E18E3377E00258B27 /* Products */,
				F8A08C8F18E337C700258B27 /* Vendor */,
			);
			sourceTree = "<group>";
		};
		F8A08C5E18E3377E00258B27 /* Products */ = {
			isa = PBXGroup;
			children = (
				F8A08C5D18E3377E00258B27 /* iOS Example.app */,
				F8A08C7818E3377E00258B27 /* iOS ExampleTests.xctest */,
			);
			name = Products;
			sourceTree = "<group>";
		};
		F8A08C5F18E3377E00258B27 /* Frameworks */ = {
			isa = PBXGroup;
			children = (
				F876C32D18EAFDA200D18BE0 /* CoreLocation.framework */,
				F8A08C9418E337F900258B27 /* MapKit.framework */,
				F8A08C6018E3377E00258B27 /* Foundation.framework */,
				F8A08C6218E3377E00258B27 /* CoreGraphics.framework */,
				F8A08C6418E3377E00258B27 /* UIKit.framework */,
				F8A08C7918E3377E00258B27 /* XCTest.framework */,
			);
			name = Frameworks;
			sourceTree = "<group>";
		};
		F8A08C6618E3377E00258B27 /* iOS Example */ = {
			isa = PBXGroup;
			children = (
				F8A08C6F18E3377E00258B27 /* AppDelegate.h */,
				F8A08C7018E3377E00258B27 /* AppDelegate.m */,
				F80DAA2718E3CD4E0014928D /* MapViewController.h */,
				F80DAA2818E3CD4E0014928D /* MapViewController.m */,
				F8A08C7218E3377E00258B27 /* Images.xcassets */,
				F8A08C6718E3377E00258B27 /* Supporting Files */,
			);
			path = "iOS Example";
			sourceTree = "<group>";
		};
		F8A08C6718E3377E00258B27 /* Supporting Files */ = {
			isa = PBXGroup;
			children = (
				F8A08C6818E3377E00258B27 /* Info.plist */,
				F8A08C6918E3377E00258B27 /* InfoPlist.strings */,
				F8A08C6C18E3377E00258B27 /* main.m */,
				F8A08C6E18E3377E00258B27 /* Prefix.pch */,
				F80DAA2C18E3D9E20014928D /* map.geojson */,
			);
			name = "Supporting Files";
			sourceTree = "<group>";
		};
		F8A08C7F18E3377E00258B27 /* iOS ExampleTests */ = {
			isa = PBXGroup;
			children = (
				F8A08C8518E3377E00258B27 /* iOS_ExampleTests.m */,
				F8A08C8018E3377E00258B27 /* Supporting Files */,
			);
			path = "iOS ExampleTests";
			sourceTree = "<group>";
		};
		F8A08C8018E3377E00258B27 /* Supporting Files */ = {
			isa = PBXGroup;
			children = (
				F8A08C8118E3377E00258B27 /* iOS ExampleTests-Info.plist */,
				F8A08C8218E3377E00258B27 /* InfoPlist.strings */,
			);
			name = "Supporting Files";
			sourceTree = "<group>";
		};
		F8A08C8F18E337C700258B27 /* Vendor */ = {
			isa = PBXGroup;
			children = (
				F8A08C9018E337CF00258B27 /* GeoJSONSerialization */,
			);
			name = Vendor;
			sourceTree = "<group>";
		};
		F8A08C9018E337CF00258B27 /* GeoJSONSerialization */ = {
			isa = PBXGroup;
			children = (
				F8A08C9118E337E800258B27 /* GeoJSONSerialization.h */,
				F8A08C9218E337E800258B27 /* GeoJSONSerialization.m */,
			);
			name = GeoJSONSerialization;
			sourceTree = "<group>";
		};
/* End PBXGroup section */

/* Begin PBXNativeTarget section */
		F8A08C5C18E3377E00258B27 /* iOS Example */ = {
			isa = PBXNativeTarget;
			buildConfigurationList = F8A08C8918E3377E00258B27 /* Build configuration list for PBXNativeTarget "iOS Example" */;
			buildPhases = (
				F8A08C5918E3377E00258B27 /* Sources */,
				F8A08C5A18E3377E00258B27 /* Frameworks */,
				F8A08C5B18E3377E00258B27 /* Resources */,
			);
			buildRules = (
			);
			dependencies = (
			);
			name = "iOS Example";
			productName = "iOS Example";
			productReference = F8A08C5D18E3377E00258B27 /* iOS Example.app */;
			productType = "com.apple.product-type.application";
		};
		F8A08C7718E3377E00258B27 /* iOS ExampleTests */ = {
			isa = PBXNativeTarget;
			buildConfigurationList = F8A08C8C18E3377E00258B27 /* Build configuration list for PBXNativeTarget "iOS ExampleTests" */;
			buildPhases = (
				F8A08C7418E3377E00258B27 /* Sources */,
				F8A08C7518E3377E00258B27 /* Frameworks */,
				F8A08C7618E3377E00258B27 /* Resources */,
			);
			buildRules = (
			);
			dependencies = (
				F8A08C7E18E3377E00258B27 /* PBXTargetDependency */,
			);
			name = "iOS ExampleTests";
			productName = "iOS ExampleTests";
			productReference = F8A08C7818E3377E00258B27 /* iOS ExampleTests.xctest */;
			productType = "com.apple.product-type.bundle.unit-test";
		};
/* End PBXNativeTarget section */

/* Begin PBXProject section */
		F8A08C5518E3377E00258B27 /* Project object */ = {
			isa = PBXProject;
			attributes = {
				LastUpgradeCheck = 0510;
				ORGANIZATIONNAME = "Mattt";
				TargetAttributes = {
					F8A08C7718E3377E00258B27 = {
						TestTargetID = F8A08C5C18E3377E00258B27;
					};
				};
			};
			buildConfigurationList = F8A08C5818E3377E00258B27 /* Build configuration list for PBXProject "iOS Example" */;
			compatibilityVersion = "Xcode 3.2";
			developmentRegion = English;
			hasScannedForEncodings = 0;
			knownRegions = (
				en,
			);
			mainGroup = F8A08C5418E3377E00258B27;
			productRefGroup = F8A08C5E18E3377E00258B27 /* Products */;
			projectDirPath = "";
			projectRoot = "";
			targets = (
				F8A08C5C18E3377E00258B27 /* iOS Example */,
				F8A08C7718E3377E00258B27 /* iOS ExampleTests */,
			);
		};
/* End PBXProject section */

/* Begin PBXResourcesBuildPhase section */
		F8A08C5B18E3377E00258B27 /* Resources */ = {
			isa = PBXResourcesBuildPhase;
			buildActionMask = 2147483647;
			files = (
				F8A08C6B18E3377E00258B27 /* InfoPlist.strings in Resources */,
				F8A08C7318E3377E00258B27 /* Images.xcassets in Resources */,
				F80DAA2D18E3D9E20014928D /* map.geojson in Resources */,
			);
			runOnlyForDeploymentPostprocessing = 0;
		};
		F8A08C7618E3377E00258B27 /* Resources */ = {
			isa = PBXResourcesBuildPhase;
			buildActionMask = 2147483647;
			files = (
				F8A08C8418E3377E00258B27 /* InfoPlist.strings in Resources */,
			);
			runOnlyForDeploymentPostprocessing = 0;
		};
/* End PBXResourcesBuildPhase section */

/* Begin PBXSourcesBuildPhase section */
		F8A08C5918E3377E00258B27 /* Sources */ = {
			isa = PBXSourcesBuildPhase;
			buildActionMask = 2147483647;
			files = (
				F8A08C9318E337E800258B27 /* GeoJSONSerialization.m in Sources */,
				F8A08C7118E3377E00258B27 /* AppDelegate.m in Sources */,
				F8A08C6D18E3377E00258B27 /* main.m in Sources */,
				F80DAA2918E3CD4E0014928D /* MapViewController.m in Sources */,
			);
			runOnlyForDeploymentPostprocessing = 0;
		};
		F8A08C7418E3377E00258B27 /* Sources */ = {
			isa = PBXSourcesBuildPhase;
			buildActionMask = 2147483647;
			files = (
				F8A08C8618E3377E00258B27 /* iOS_ExampleTests.m in Sources */,
			);
			runOnlyForDeploymentPostprocessing = 0;
		};
/* End PBXSourcesBuildPhase section */

/* Begin PBXTargetDependency section */
		F8A08C7E18E3377E00258B27 /* PBXTargetDependency */ = {
			isa = PBXTargetDependency;
			target = F8A08C5C18E3377E00258B27 /* iOS Example */;
			targetProxy = F8A08C7D18E3377E00258B27 /* PBXContainerItemProxy */;
		};
/* End PBXTargetDependency section */

/* Begin PBXVariantGroup section */
		F8A08C6918E3377E00258B27 /* InfoPlist.strings */ = {
			isa = PBXVariantGroup;
			children = (
				F8A08C6A18E3377E00258B27 /* en */,
			);
			name = InfoPlist.strings;
			sourceTree = "<group>";
		};
		F8A08C8218E3377E00258B27 /* InfoPlist.strings */ = {
			isa = PBXVariantGroup;
			children = (
				F8A08C8318E3377E00258B27 /* en */,
			);
			name = InfoPlist.strings;
			sourceTree = "<group>";
		};
/* End PBXVariantGroup section */

/* Begin XCBuildConfiguration section */
		F8A08C8718E3377E00258B27 /* Debug */ = {
			isa = XCBuildConfiguration;
			buildSettings = {
				ALWAYS_SEARCH_USER_PATHS = NO;
				CLANG_CXX_LANGUAGE_STANDARD = "gnu++0x";
				CLANG_CXX_LIBRARY = "libc++";
				CLANG_ENABLE_MODULES = YES;
				CLANG_ENABLE_OBJC_ARC = YES;
				CLANG_WARN_BOOL_CONVERSION = YES;
				CLANG_WARN_CONSTANT_CONVERSION = YES;
				CLANG_WARN_DIRECT_OBJC_ISA_USAGE = YES_ERROR;
				CLANG_WARN_EMPTY_BODY = YES;
				CLANG_WARN_ENUM_CONVERSION = YES;
				CLANG_WARN_INT_CONVERSION = YES;
				CLANG_WARN_OBJC_ROOT_CLASS = YES_ERROR;
				CLANG_WARN__DUPLICATE_METHOD_MATCH = YES;
				"CODE_SIGN_IDENTITY[sdk=iphoneos*]" = "iPhone Developer";
				COPY_PHASE_STRIP = NO;
				GCC_C_LANGUAGE_STANDARD = gnu99;
				GCC_DYNAMIC_NO_PIC = NO;
				GCC_OPTIMIZATION_LEVEL = 0;
				GCC_PREPROCESSOR_DEFINITIONS = (
					"DEBUG=1",
					"$(inherited)",
				);
				GCC_SYMBOLS_PRIVATE_EXTERN = NO;
				GCC_WARN_64_TO_32_BIT_CONVERSION = YES;
				GCC_WARN_ABOUT_RETURN_TYPE = YES_ERROR;
				GCC_WARN_UNDECLARED_SELECTOR = YES;
				GCC_WARN_UNINITIALIZED_AUTOS = YES_AGGRESSIVE;
				GCC_WARN_UNUSED_FUNCTION = YES;
				GCC_WARN_UNUSED_VARIABLE = YES;
				IPHONEOS_DEPLOYMENT_TARGET = 5.0;
				ONLY_ACTIVE_ARCH = YES;
				SDKROOT = iphoneos;
			};
			name = Debug;
		};
		F8A08C8818E3377E00258B27 /* Release */ = {
			isa = XCBuildConfiguration;
			buildSettings = {
				ALWAYS_SEARCH_USER_PATHS = NO;
				CLANG_CXX_LANGUAGE_STANDARD = "gnu++0x";
				CLANG_CXX_LIBRARY = "libc++";
				CLANG_ENABLE_MODULES = YES;
				CLANG_ENABLE_OBJC_ARC = YES;
				CLANG_WARN_BOOL_CONVERSION = YES;
				CLANG_WARN_CONSTANT_CONVERSION = YES;
				CLANG_WARN_DIRECT_OBJC_ISA_USAGE = YES_ERROR;
				CLANG_WARN_EMPTY_BODY = YES;
				CLANG_WARN_ENUM_CONVERSION = YES;
				CLANG_WARN_INT_CONVERSION = YES;
				CLANG_WARN_OBJC_ROOT_CLASS = YES_ERROR;
				CLANG_WARN__DUPLICATE_METHOD_MATCH = YES;
				"CODE_SIGN_IDENTITY[sdk=iphoneos*]" = "iPhone Developer";
				COPY_PHASE_STRIP = YES;
				ENABLE_NS_ASSERTIONS = NO;
				GCC_C_LANGUAGE_STANDARD = gnu99;
				GCC_WARN_64_TO_32_BIT_CONVERSION = YES;
				GCC_WARN_ABOUT_RETURN_TYPE = YES_ERROR;
				GCC_WARN_UNDECLARED_SELECTOR = YES;
				GCC_WARN_UNINITIALIZED_AUTOS = YES_AGGRESSIVE;
				GCC_WARN_UNUSED_FUNCTION = YES;
				GCC_WARN_UNUSED_VARIABLE = YES;
				IPHONEOS_DEPLOYMENT_TARGET = 5.0;
				SDKROOT = iphoneos;
				VALIDATE_PRODUCT = YES;
			};
			name = Release;
		};
		F8A08C8A18E3377E00258B27 /* Debug */ = {
			isa = XCBuildConfiguration;
			buildSettings = {
				ASSETCATALOG_COMPILER_APPICON_NAME = AppIcon;
				ASSETCATALOG_COMPILER_LAUNCHIMAGE_NAME = LaunchImage;
				GCC_PRECOMPILE_PREFIX_HEADER = YES;
				GCC_PREFIX_HEADER = "iOS Example/Prefix.pch";
				INFOPLIST_FILE = "$(SRCROOT)/iOS Example/Info.plist";
				IPHONEOS_DEPLOYMENT_TARGET = 6.0;
				PRODUCT_NAME = "$(TARGET_NAME)";
				WRAPPER_EXTENSION = app;
			};
			name = Debug;
		};
		F8A08C8B18E3377E00258B27 /* Release */ = {
			isa = XCBuildConfiguration;
			buildSettings = {
				ASSETCATALOG_COMPILER_APPICON_NAME = AppIcon;
				ASSETCATALOG_COMPILER_LAUNCHIMAGE_NAME = LaunchImage;
				GCC_PRECOMPILE_PREFIX_HEADER = YES;
				GCC_PREFIX_HEADER = "iOS Example/Prefix.pch";
				INFOPLIST_FILE = "$(SRCROOT)/iOS Example/Info.plist";
				IPHONEOS_DEPLOYMENT_TARGET = 6.0;
				PRODUCT_NAME = "$(TARGET_NAME)";
				WRAPPER_EXTENSION = app;
			};
			name = Release;
		};
		F8A08C8D18E3377E00258B27 /* Debug */ = {
			isa = XCBuildConfiguration;
			buildSettings = {
				BUNDLE_LOADER = "$(BUILT_PRODUCTS_DIR)/iOS Example.app/iOS Example";
				FRAMEWORK_SEARCH_PATHS = (
					"$(SDKROOT)/Developer/Library/Frameworks",
					"$(inherited)",
					"$(DEVELOPER_FRAMEWORKS_DIR)",
				);
				GCC_PRECOMPILE_PREFIX_HEADER = YES;
				GCC_PREFIX_HEADER = "iOS Example/Prefix.pch";
				GCC_PREPROCESSOR_DEFINITIONS = (
					"DEBUG=1",
					"$(inherited)",
				);
				INFOPLIST_FILE = "iOS ExampleTests/iOS ExampleTests-Info.plist";
				PRODUCT_NAME = "$(TARGET_NAME)";
				TEST_HOST = "$(BUNDLE_LOADER)";
				WRAPPER_EXTENSION = xctest;
			};
			name = Debug;
		};
		F8A08C8E18E3377E00258B27 /* Release */ = {
			isa = XCBuildConfiguration;
			buildSettings = {
				BUNDLE_LOADER = "$(BUILT_PRODUCTS_DIR)/iOS Example.app/iOS Example";
				FRAMEWORK_SEARCH_PATHS = (
					"$(SDKROOT)/Developer/Library/Frameworks",
					"$(inherited)",
					"$(DEVELOPER_FRAMEWORKS_DIR)",
				);
				GCC_PRECOMPILE_PREFIX_HEADER = YES;
				GCC_PREFIX_HEADER = "iOS Example/Prefix.pch";
				INFOPLIST_FILE = "iOS ExampleTests/iOS ExampleTests-Info.plist";
				PRODUCT_NAME = "$(TARGET_NAME)";
				TEST_HOST = "$(BUNDLE_LOADER)";
				WRAPPER_EXTENSION = xctest;
			};
			name = Release;
		};
/* End XCBuildConfiguration section */

/* Begin XCConfigurationList section */
		F8A08C5818E3377E00258B27 /* Build configuration list for PBXProject "iOS Example" */ = {
			isa = XCConfigurationList;
			buildConfigurations = (
				F8A08C8718E3377E00258B27 /* Debug */,
				F8A08C8818E3377E00258B27 /* Release */,
			);
			defaultConfigurationIsVisible = 0;
			defaultConfigurationName = Release;
		};
		F8A08C8918E3377E00258B27 /* Build configuration list for PBXNativeTarget "iOS Example" */ = {
			isa = XCConfigurationList;
			buildConfigurations = (
				F8A08C8A18E3377E00258B27 /* Debug */,
				F8A08C8B18E3377E00258B27 /* Release */,
			);
			defaultConfigurationIsVisible = 0;
			defaultConfigurationName = Release;
		};
		F8A08C8C18E3377E00258B27 /* Build configuration list for PBXNativeTarget "iOS ExampleTests" */ = {
			isa = XCConfigurationList;
			buildConfigurations = (
				F8A08C8D18E3377E00258B27 /* Debug */,
				F8A08C8E18E3377E00258B27 /* Release */,
			);
			defaultConfigurationIsVisible = 0;
			defaultConfigurationName = Release;
		};
/* End XCConfigurationList section */
	};
	rootObject = F8A08C5518E3377E00258B27 /* Project object */;
}
